
Microsoft Visual Studio Solution File, Format Version 12.00
# Visual Studio Version 16
VisualStudioVersion = 16.0.30611.23
MinimumVisualStudioVersion = 10.0.40219.1
Project("{FAE04EC0-301F-11D3-BF4B-00C04F79EFBC}") = "MobileBilet.UWP", "MobileBilet\MobileBilet.UWP\MobileBilet.UWP.csproj", "{1AA9E9A8-6A92-4E54-A2D7-A21181E01257}"
EndProject
Project("{FAE04EC0-301F-11D3-BF4B-00C04F79EFBC}") = "MobileBilet.Android", "MobileBilet\MobileBilet.Android\MobileBilet.Android.csproj", "{98ECD6D9-BC2C-44EC-B977-1251A30CAEB8}"
EndProject
Project("{FAE04EC0-301F-11D3-BF4B-00C04F79EFBC}") = "MobileBilet.iOS", "MobileBilet\MobileBilet.iOS\MobileBilet.iOS.csproj", "{CE88EB0A-55AD-4C02-BB63-72A1F18DDC28}"
EndProject
Project("{FAE04EC0-301F-11D3-BF4B-00C04F79EFBC}") = "MobileBilet", "MobileBilet\MobileBilet\MobileBilet.csproj", "{7E57109D-D33C-44DB-90BC-5701C28B2B1F}"
EndProject
Global
	GlobalSection(SolutionConfigurationPlatforms) = preSolution
		Debug|Any CPU = Debug|Any CPU
		Debug|ARM = Debug|ARM
		Debug|iPhone = Debug|iPhone
		Debug|iPhoneSimulator = Debug|iPhoneSimulator
		Debug|x64 = Debug|x64
		Debug|x86 = Debug|x86
		Release|Any CPU = Release|Any CPU
		Release|ARM = Release|ARM
		Release|iPhone = Release|iPhone
		Release|iPhoneSimulator = Release|iPhoneSimulator
		Release|x64 = Release|x64
		Release|x86 = Release|x86
	EndGlobalSection
	GlobalSection(ProjectConfigurationPlatforms) = postSolution
		{1AA9E9A8-6A92-4E54-A2D7-A21181E01257}.Debug|Any CPU.ActiveCfg = Debug|x86
		{1AA9E9A8-6A92-4E54-A2D7-A21181E01257}.Debug|Any CPU.Build.0 = Debug|x86
		{1AA9E9A8-6A92-4E54-A2D7-A21181E01257}.Debug|Any CPU.Deploy.0 = Debug|x86
		{1AA9E9A8-6A92-4E54-A2D7-A21181E01257}.Debug|ARM.ActiveCfg = Debug|ARM
		{1AA9E9A8-6A92-4E54-A2D7-A21181E01257}.Debug|ARM.Build.0 = Debug|ARM
		{1AA9E9A8-6A92-4E54-A2D7-A21181E01257}.Debug|ARM.Deploy.0 = Debug|ARM
		{1AA9E9A8-6A92-4E54-A2D7-A21181E01257}.Debug|iPhone.ActiveCfg = Debug|x86
		{1AA9E9A8-6A92-4E54-A2D7-A21181E01257}.Debug|iPhone.Build.0 = Debug|x86
		{1AA9E9A8-6A92-4E54-A2D7-A21181E01257}.Debug|iPhone.Deploy.0 = Debug|x86
		{1AA9E9A8-6A92-4E54-A2D7-A21181E01257}.Debug|iPhoneSimulator.ActiveCfg = Debug|x86
		{1AA9E9A8-6A92-4E54-A2D7-A21181E01257}.Debug|iPhoneSimulator.Build.0 = Debug|x86
		{1AA9E9A8-6A92-4E54-A2D7-A21181E01257}.Debug|iPhoneSimulator.Deploy.0 = Debug|x86
		{1AA9E9A8-6A92-4E54-A2D7-A21181E01257}.Debug|x64.ActiveCfg = Debug|x64
		{1AA9E9A8-6A92-4E54-A2D7-A21181E01257}.Debug|x64.Build.0 = Debug|x64
		{1AA9E9A8-6A92-4E54-A2D7-A21181E01257}.Debug|x64.Deploy.0 = Debug|x64
		{1AA9E9A8-6A92-4E54-A2D7-A21181E01257}.Debug|x86.ActiveCfg = Debug|x86
		{1AA9E9A8-6A92-4E54-A2D7-A21181E01257}.Debug|x86.Build.0 = Debug|x86
		{1AA9E9A8-6A92-4E54-A2D7-A21181E01257}.Debug|x86.Deploy.0 = Debug|x86
		{1AA9E9A8-6A92-4E54-A2D7-A21181E01257}.Release|Any CPU.ActiveCfg = Release|x86
		{1AA9E9A8-6A92-4E54-A2D7-A21181E01257}.Release|Any CPU.Build.0 = Release|x86
		{1AA9E9A8-6A92-4E54-A2D7-A21181E01257}.Release|Any CPU.Deploy.0 = Release|x86
		{1AA9E9A8-6A92-4E54-A2D7-A21181E01257}.Release|ARM.ActiveCfg = Release|ARM
		{1AA9E9A8-6A92-4E54-A2D7-A21181E01257}.Release|ARM.Build.0 = Release|ARM
		{1AA9E9A8-6A92-4E54-A2D7-A21181E01257}.Release|ARM.Deploy.0 = Release|ARM
		{1AA9E9A8-6A92-4E54-A2D7-A21181E01257}.Release|iPhone.ActiveCfg = Release|x86
		{1AA9E9A8-6A92-4E54-A2D7-A21181E01257}.Release|iPhone.Build.0 = Release|x86
		{1AA9E9A8-6A92-4E54-A2D7-A21181E01257}.Release|iPhone.Deploy.0 = Release|x86
		{1AA9E9A8-6A92-4E54-A2D7-A21181E01257}.Release|iPhoneSimulator.ActiveCfg = Release|x86
		{1AA9E9A8-6A92-4E54-A2D7-A21181E01257}.Release|iPhoneSimulator.Build.0 = Release|x86
		{1AA9E9A8-6A92-4E54-A2D7-A21181E01257}.Release|iPhoneSimulator.Deploy.0 = Release|x86
		{1AA9E9A8-6A92-4E54-A2D7-A21181E01257}.Release|x64.ActiveCfg = Release|x64
		{1AA9E9A8-6A92-4E54-A2D7-A21181E01257}.Release|x64.Build.0 = Release|x64
		{1AA9E9A8-6A92-4E54-A2D7-A21181E01257}.Release|x64.Deploy.0 = Release|x64
		{1AA9E9A8-6A92-4E54-A2D7-A21181E01257}.Release|x86.ActiveCfg = Release|x86
		{1AA9E9A8-6A92-4E54-A2D7-A21181E01257}.Release|x86.Build.0 = Release|x86
		{1AA9E9A8-6A92-4E54-A2D7-A21181E01257}.Release|x86.Deploy.0 = Release|x86
		{98ECD6D9-BC2C-44EC-B977-1251A30CAEB8}.Debug|Any CPU.ActiveCfg = Debug|Any CPU
		{98ECD6D9-BC2C-44EC-B977-1251A30CAEB8}.Debug|Any CPU.Build.0 = Debug|Any CPU
		{98ECD6D9-BC2C-44EC-B977-1251A30CAEB8}.Debug|Any CPU.Deploy.0 = Debug|Any CPU
		{98ECD6D9-BC2C-44EC-B977-1251A30CAEB8}.Debug|ARM.ActiveCfg = Debug|Any CPU
		{98ECD6D9-BC2C-44EC-B977-1251A30CAEB8}.Debug|ARM.Build.0 = Debug|Any CPU
		{98ECD6D9-BC2C-44EC-B977-1251A30CAEB8}.Debug|ARM.Deploy.0 = Debug|Any CPU
		{98ECD6D9-BC2C-44EC-B977-1251A30CAEB8}.Debug|iPhone.ActiveCfg = Debug|Any CPU
		{98ECD6D9-BC2C-44EC-B977-1251A30CAEB8}.Debug|iPhone.Build.0 = Debug|Any CPU
		{98ECD6D9-BC2C-44EC-B977-1251A30CAEB8}.Debug|iPhone.Deploy.0 = Debug|Any CPU
		{98ECD6D9-BC2C-44EC-B977-1251A30CAEB8}.Debug|iPhoneSimulator.ActiveCfg = Debug|Any CPU
		{98ECD6D9-BC2C-44EC-B977-1251A30CAEB8}.Debug|iPhoneSimulator.Build.0 = Debug|Any CPU
		{98ECD6D9-BC2C-44EC-B977-1251A30CAEB8}.Debug|iPhoneSimulator.Deploy.0 = Debug|Any CPU
		{98ECD6D9-BC2C-44EC-B977-1251A30CAEB8}.Debug|x64.ActiveCfg = Debug|Any CPU
		{98ECD6D9-BC2C-44EC-B977-1251A30CAEB8}.Debug|x64.Build.0 = Debug|Any CPU
		{98ECD6D9-BC2C-44EC-B977-1251A30CAEB8}.Debug|x64.Deploy.0 = Debug|Any CPU
		{98ECD6D9-BC2C-44EC-B977-1251A30CAEB8}.Debug|x86.ActiveCfg = Debug|Any CPU
		{98ECD6D9-BC2C-44EC-B977-1251A30CAEB8}.Debug|x86.Build.0 = Debug|Any CPU
		{98ECD6D9-BC2C-44EC-B977-1251A30CAEB8}.Debug|x86.Deploy.0 = Debug|Any CPU
		{98ECD6D9-BC2C-44EC-B977-1251A30CAEB8}.Release|Any CPU.ActiveCfg = Release|Any CPU
		{98ECD6D9-BC2C-44EC-B977-1251A30CAEB8}.Release|Any CPU.Build.0 = Release|Any CPU
		{98ECD6D9-BC2C-44EC-B977-1251A30CAEB8}.Release|Any CPU.Deploy.0 = Release|Any CPU
		{98ECD6D9-BC2C-44EC-B977-1251A30CAEB8}.Release|ARM.ActiveCfg = Release|Any CPU
		{98ECD6D9-BC2C-44EC-B977-1251A30CAEB8}.Release|ARM.Build.0 = Release|Any CPU
		{98ECD6D9-BC2C-44EC-B977-1251A30CAEB8}.Release|ARM.Deploy.0 = Release|Any CPU
		{98ECD6D9-BC2C-44EC-B977-1251A30CAEB8}.Release|iPhone.ActiveCfg = Release|Any CPU
		{98ECD6D9-BC2C-44EC-B977-1251A30CAEB8}.Release|iPhone.Build.0 = Release|Any CPU
		{98ECD6D9-BC2C-44EC-B977-1251A30CAEB8}.Release|iPhone.Deploy.0 = Release|Any CPU
		{98ECD6D9-BC2C-44EC-B977-1251A30CAEB8}.Release|iPhoneSimulator.ActiveCfg = Release|Any CPU
		{98ECD6D9-BC2C-44EC-B977-1251A30CAEB8}.Release|iPhoneSimulator.Build.0 = Release|Any CPU
		{98ECD6D9-BC2C-44EC-B977-1251A30CAEB8}.Release|iPhoneSimulator.Deploy.0 = Release|Any CPU
		{98ECD6D9-BC2C-44EC-B977-1251A30CAEB8}.Release|x64.ActiveCfg = Release|Any CPU
		{98ECD6D9-BC2C-44EC-B977-1251A30CAEB8}.Release|x64.Build.0 = Release|Any CPU
		{98ECD6D9-BC2C-44EC-B977-1251A30CAEB8}.Release|x64.Deploy.0 = Release|Any CPU
		{98ECD6D9-BC2C-44EC-B977-1251A30CAEB8}.Release|x86.ActiveCfg = Release|Any CPU
		{98ECD6D9-BC2C-44EC-B977-1251A30CAEB8}.Release|x86.Build.0 = Release|Any CPU
		{98ECD6D9-BC2C-44EC-B977-1251A30CAEB8}.Release|x86.Deploy.0 = Release|Any CPU
		{CE88EB0A-55AD-4C02-BB63-72A1F18DDC28}.Debug|Any CPU.ActiveCfg = Debug|iPhoneSimulator
		{CE88EB0A-55AD-4C02-BB63-72A1F18DDC28}.Debug|Any CPU.Build.0 = Debug|iPhoneSimulator
		{CE88EB0A-55AD-4C02-BB63-72A1F18DDC28}.Debug|Any CPU.Deploy.0 = Debug|iPhoneSimulator
		{CE88EB0A-55AD-4C02-BB63-72A1F18DDC28}.Debug|ARM.ActiveCfg = Debug|iPhone
		{CE88EB0A-55AD-4C02-BB63-72A1F18DDC28}.Debug|ARM.Build.0 = Debug|iPhone
		{CE88EB0A-55AD-4C02-BB63-72A1F18DDC28}.Debug|ARM.Deploy.0 = Debug|iPhone
		{CE88EB0A-55AD-4C02-BB63-72A1F18DDC28}.Debug|iPhone.ActiveCfg = Debug|iPhone
		{CE88EB0A-55AD-4C02-BB63-72A1F18DDC28}.Debug|iPhone.Build.0 = Debug|iPhone
		{CE88EB0A-55AD-4C02-BB63-72A1F18DDC28}.Debug|iPhone.Deploy.0 = Debug|iPhone
		{CE88EB0A-55AD-4C02-BB63-72A1F18DDC28}.Debug|iPhoneSimulator.ActiveCfg = Debug|iPhoneSimulator
		{CE88EB0A-55AD-4C02-BB63-72A1F18DDC28}.Debug|iPhoneSimulator.Build.0 = Debug|iPhoneSimulator
		{CE88EB0A-55AD-4C02-BB63-72A1F18DDC28}.Debug|iPhoneSimulator.Deploy.0 = Debug|iPhoneSimulator
		{CE88EB0A-55AD-4C02-BB63-72A1F18DDC28}.Debug|x64.ActiveCfg = Debug|iPhoneSimulator
		{CE88EB0A-55AD-4C02-BB63-72A1F18DDC28}.Debug|x64.Build.0 = Debug|iPhoneSimulator
		{CE88EB0A-55AD-4C02-BB63-72A1F18DDC28}.Debug|x64.Deploy.0 = Debug|iPhoneSimulator
		{CE88EB0A-55AD-4C02-BB63-72A1F18DDC28}.Debug|x86.ActiveCfg = Debug|iPhoneSimulator
		{CE88EB0A-55AD-4C02-BB63-72A1F18DDC28}.Debug|x86.Build.0 = Debug|iPhoneSimulator
		{CE88EB0A-55AD-4C02-BB63-72A1F18DDC28}.Debug|x86.Deploy.0 = Debug|iPhoneSimulator
		{CE88EB0A-55AD-4C02-BB63-72A1F18DDC28}.Release|Any CPU.ActiveCfg = Release|iPhoneSimulator
		{CE88EB0A-55AD-4C02-BB63-72A1F18DDC28}.Release|Any CPU.Build.0 = Release|iPhoneSimulator
		{CE88EB0A-55AD-4C02-BB63-72A1F18DDC28}.Release|Any CPU.Deploy.0 = Release|iPhoneSimulator
		{CE88EB0A-55AD-4C02-BB63-72A1F18DDC28}.Release|ARM.ActiveCfg = Release|iPhoneSimulator
		{CE88EB0A-55AD-4C02-BB63-72A1F18DDC28}.Release|ARM.Build.0 = Release|iPhoneSimulator
		{CE88EB0A-55AD-4C02-BB63-72A1F18DDC28}.Release|ARM.Deploy.0 = Release|iPhoneSimulator
		{CE88EB0A-55AD-4C02-BB63-72A1F18DDC28}.Release|iPhone.ActiveCfg = Release|iPhone
		{CE88EB0A-55AD-4C02-BB63-72A1F18DDC28}.Release|iPhone.Build.0 = Release|iPhone
		{CE88EB0A-55AD-4C02-BB63-72A1F18DDC28}.Release|iPhone.Deploy.0 = Release|iPhone
		{CE88EB0A-55AD-4C02-BB63-72A1F18DDC28}.Release|iPhoneSimulator.ActiveCfg = Release|iPhoneSimulator
		{CE88EB0A-55AD-4C02-BB63-72A1F18DDC28}.Release|iPhoneSimulator.Build.0 = Release|iPhoneSimulator
		{CE88EB0A-55AD-4C02-BB63-72A1F18DDC28}.Release|iPhoneSimulator.Deploy.0 = Release|iPhoneSimulator
		{CE88EB0A-55AD-4C02-BB63-72A1F18DDC28}.Release|x64.ActiveCfg = Release|iPhoneSimulator
		{CE88EB0A-55AD-4C02-BB63-72A1F18DDC28}.Release|x64.Build.0 = Release|iPhoneSimulator
		{CE88EB0A-55AD-4C02-BB63-72A1F18DDC28}.Release|x64.Deploy.0 = Release|iPhoneSimulator
		{CE88EB0A-55AD-4C02-BB63-72A1F18DDC28}.Release|x86.ActiveCfg = Release|iPhoneSimulator
		{CE88EB0A-55AD-4C02-BB63-72A1F18DDC28}.Release|x86.Build.0 = Release|iPhoneSimulator
		{CE88EB0A-55AD-4C02-BB63-72A1F18DDC28}.Release|x86.Deploy.0 = Release|iPhoneSimulator
		{7E57109D-D33C-44DB-90BC-5701C28B2B1F}.Debug|Any CPU.ActiveCfg = Debug|Any CPU
		{7E57109D-D33C-44DB-90BC-5701C28B2B1F}.Debug|Any CPU.Build.0 = Debug|Any CPU
		{7E57109D-D33C-44DB-90BC-5701C28B2B1F}.Debug|Any CPU.Deploy.0 = Debug|Any CPU
		{7E57109D-D33C-44DB-90BC-5701C28B2B1F}.Debug|ARM.ActiveCfg = Debug|Any CPU
		{7E57109D-D33C-44DB-90BC-5701C28B2B1F}.Debug|ARM.Build.0 = Debug|Any CPU
		{7E57109D-D33C-44DB-90BC-5701C28B2B1F}.Debug|ARM.Deploy.0 = Debug|Any CPU
		{7E57109D-D33C-44DB-90BC-5701C28B2B1F}.Debug|iPhone.ActiveCfg = Debug|Any CPU
		{7E57109D-D33C-44DB-90BC-5701C28B2B1F}.Debug|iPhone.Build.0 = Debug|Any CPU
		{7E57109D-D33C-44DB-90BC-5701C28B2B1F}.Debug|iPhone.Deploy.0 = Debug|Any CPU
		{7E57109D-D33C-44DB-90BC-5701C28B2B1F}.Debug|iPhoneSimulator.ActiveCfg = Debug|Any CPU
		{7E57109D-D33C-44DB-90BC-5701C28B2B1F}.Debug|iPhoneSimulator.Build.0 = Debug|Any CPU
		{7E57109D-D33C-44DB-90BC-5701C28B2B1F}.Debug|iPhoneSimulator.Deploy.0 = Debug|Any CPU
		{7E57109D-D33C-44DB-90BC-5701C28B2B1F}.Debug|x64.ActiveCfg = Debug|Any CPU
		{7E57109D-D33C-44DB-90BC-5701C28B2B1F}.Debug|x64.Build.0 = Debug|Any CPU
		{7E57109D-D33C-44DB-90BC-5701C28B2B1F}.Debug|x64.Deploy.0 = Debug|Any CPU
		{7E57109D-D33C-44DB-90BC-5701C28B2B1F}.Debug|x86.ActiveCfg = Debug|Any CPU
		{7E57109D-D33C-44DB-90BC-5701C28B2B1F}.Debug|x86.Build.0 = Debug|Any CPU
		{7E57109D-D33C-44DB-90BC-5701C28B2B1F}.Debug|x86.Deploy.0 = Debug|Any CPU
		{7E57109D-D33C-44DB-90BC-5701C28B2B1F}.Release|Any CPU.ActiveCfg = Release|Any CPU
		{7E57109D-D33C-44DB-90BC-5701C28B2B1F}.Release|Any CPU.Build.0 = Release|Any CPU
		{7E57109D-D33C-44DB-90BC-5701C28B2B1F}.Release|Any CPU.Deploy.0 = Release|Any CPU
		{7E57109D-D33C-44DB-90BC-5701C28B2B1F}.Release|ARM.ActiveCfg = Release|Any CPU
		{7E57109D-D33C-44DB-90BC-5701C28B2B1F}.Release|ARM.Build.0 = Release|Any CPU
		{7E57109D-D33C-44DB-90BC-5701C28B2B1F}.Release|ARM.Deploy.0 = Release|Any CPU
		{7E57109D-D33C-44DB-90BC-5701C28B2B1F}.Release|iPhone.ActiveCfg = Release|Any CPU
		{7E57109D-D33C-44DB-90BC-5701C28B2B1F}.Release|iPhone.Build.0 = Release|Any CPU
		{7E57109D-D33C-44DB-90BC-5701C28B2B1F}.Release|iPhone.Deploy.0 = Release|Any CPU
		{7E57109D-D33C-44DB-90BC-5701C28B2B1F}.Release|iPhoneSimulator.ActiveCfg = Release|Any CPU
		{7E57109D-D33C-44DB-90BC-5701C28B2B1F}.Release|iPhoneSimulator.Build.0 = Release|Any CPU
		{7E57109D-D33C-44DB-90BC-5701C28B2B1F}.Release|iPhoneSimulator.Deploy.0 = Release|Any CPU
		{7E57109D-D33C-44DB-90BC-5701C28B2B1F}.Release|x64.ActiveCfg = Release|Any CPU
		{7E57109D-D33C-44DB-90BC-5701C28B2B1F}.Release|x64.Build.0 = Release|Any CPU
		{7E57109D-D33C-44DB-90BC-5701C28B2B1F}.Release|x64.Deploy.0 = Release|Any CPU
		{7E57109D-D33C-44DB-90BC-5701C28B2B1F}.Release|x86.ActiveCfg = Release|Any CPU
		{7E57109D-D33C-44DB-90BC-5701C28B2B1F}.Release|x86.Build.0 = Release|Any CPU
		{7E57109D-D33C-44DB-90BC-5701C28B2B1F}.Release|x86.Deploy.0 = Release|Any CPU
	EndGlobalSection
	GlobalSection(SolutionProperties) = preSolution
		HideSolutionNode = FALSE
	EndGlobalSection
	GlobalSection(ExtensibilityGlobals) = postSolution
		SolutionGuid = {7FEC7A89-1A57-4095-9555-F21AA97B6DEF}
	EndGlobalSection
EndGlobal
