
Microsoft Visual Studio Solution File, Format Version 12.00
# Visual Studio Version 16
VisualStudioVersion = 16.0.30413.136
MinimumVisualStudioVersion = 10.0.40219.1
Project("{FAE04EC0-301F-11D3-BF4B-00C04F79EFBC}") = "Heroes sword and magic", "Heroes sword and magic\Heroes sword and magic.csproj", "{CC143809-123B-4C88-B4C2-9F94C4678F49}"
EndProject
Global
	GlobalSection(SolutionConfigurationPlatforms) = preSolution
		Debug|Any CPU = Debug|Any CPU
		Release|Any CPU = Release|Any CPU
	EndGlobalSection
	GlobalSection(ProjectConfigurationPlatforms) = postSolution
		{CC143809-123B-4C88-B4C2-9F94C4678F49}.Debug|Any CPU.ActiveCfg = Debug|Any CPU
		{CC143809-123B-4C88-B4C2-9F94C4678F49}.Debug|Any CPU.Build.0 = Debug|Any CPU
		{CC143809-123B-4C88-B4C2-9F94C4678F49}.Release|Any CPU.ActiveCfg = Release|Any CPU
		{CC143809-123B-4C88-B4C2-9F94C4678F49}.Release|Any CPU.Build.0 = Release|Any CPU
	EndGlobalSection
	GlobalSection(SolutionProperties) = preSolution
		HideSolutionNode = FALSE
	EndGlobalSection
	GlobalSection(ExtensibilityGlobals) = postSolution
		SolutionGuid = {3066E09A-9FA2-46E7-9589-C2C5BA330500}
	EndGlobalSection
EndGlobal
