
Microsoft Visual Studio Solution File, Format Version 12.00
# Visual Studio Version 16
VisualStudioVersion = 16.0.30611.23
MinimumVisualStudioVersion = 10.0.40219.1
Project("{FAE04EC0-301F-11D3-BF4B-00C04F79EFBC}") = "Custom List", "Custom List\Custom List.csproj", "{A3BD25C1-F74E-4555-8DFA-80EE17E69285}"
EndProject
Global
	GlobalSection(SolutionConfigurationPlatforms) = preSolution
		Debug|Any CPU = Debug|Any CPU
		Release|Any CPU = Release|Any CPU
	EndGlobalSection
	GlobalSection(ProjectConfigurationPlatforms) = postSolution
		{A3BD25C1-F74E-4555-8DFA-80EE17E69285}.Debug|Any CPU.ActiveCfg = Debug|Any CPU
		{A3BD25C1-F74E-4555-8DFA-80EE17E69285}.Debug|Any CPU.Build.0 = Debug|Any CPU
		{A3BD25C1-F74E-4555-8DFA-80EE17E69285}.Release|Any CPU.ActiveCfg = Release|Any CPU
		{A3BD25C1-F74E-4555-8DFA-80EE17E69285}.Release|Any CPU.Build.0 = Release|Any CPU
	EndGlobalSection
	GlobalSection(SolutionProperties) = preSolution
		HideSolutionNode = FALSE
	EndGlobalSection
	GlobalSection(ExtensibilityGlobals) = postSolution
		SolutionGuid = {D9F1D4CF-200D-499E-9B29-D03C1219A808}
	EndGlobalSection
EndGlobal
