
Microsoft Visual Studio Solution File, Format Version 12.00
# Visual Studio Version 16
VisualStudioVersion = 16.0.31005.135
MinimumVisualStudioVersion = 10.0.40219.1
Project("{FAE04EC0-301F-11D3-BF4B-00C04F79EFBC}") = "XamlCode.UWP", "XamlCode.UWP\XamlCode.UWP.csproj", "{AEA43BCB-F1E0-41C9-9A10-2BD548DE28C0}"
EndProject
Project("{FAE04EC0-301F-11D3-BF4B-00C04F79EFBC}") = "XamlCode.Android", "XamlCode.Android\XamlCode.Android.csproj", "{7C6EA3B9-F4EB-442C-B022-71A2D069664B}"
EndProject
Project("{FAE04EC0-301F-11D3-BF4B-00C04F79EFBC}") = "XamlCode.iOS", "XamlCode.iOS\XamlCode.iOS.csproj", "{CD691916-3692-4FA9-9F49-5D3010056EE6}"
EndProject
Project("{FAE04EC0-301F-11D3-BF4B-00C04F79EFBC}") = "XamlCode", "XamlCode\XamlCode.csproj", "{EC5469D8-DACF-4188-822A-71EEA2FAC7A1}"
EndProject
Global
	GlobalSection(SolutionConfigurationPlatforms) = preSolution
		Debug|Any CPU = Debug|Any CPU
		Debug|ARM = Debug|ARM
		Debug|iPhone = Debug|iPhone
		Debug|iPhoneSimulator = Debug|iPhoneSimulator
		Debug|x64 = Debug|x64
		Debug|x86 = Debug|x86
		Release|Any CPU = Release|Any CPU
		Release|ARM = Release|ARM
		Release|iPhone = Release|iPhone
		Release|iPhoneSimulator = Release|iPhoneSimulator
		Release|x64 = Release|x64
		Release|x86 = Release|x86
	EndGlobalSection
	GlobalSection(ProjectConfigurationPlatforms) = postSolution
		{AEA43BCB-F1E0-41C9-9A10-2BD548DE28C0}.Debug|Any CPU.ActiveCfg = Debug|x86
		{AEA43BCB-F1E0-41C9-9A10-2BD548DE28C0}.Debug|Any CPU.Build.0 = Debug|x86
		{AEA43BCB-F1E0-41C9-9A10-2BD548DE28C0}.Debug|Any CPU.Deploy.0 = Debug|x86
		{AEA43BCB-F1E0-41C9-9A10-2BD548DE28C0}.Debug|ARM.ActiveCfg = Debug|ARM
		{AEA43BCB-F1E0-41C9-9A10-2BD548DE28C0}.Debug|ARM.Build.0 = Debug|ARM
		{AEA43BCB-F1E0-41C9-9A10-2BD548DE28C0}.Debug|ARM.Deploy.0 = Debug|ARM
		{AEA43BCB-F1E0-41C9-9A10-2BD548DE28C0}.Debug|iPhone.ActiveCfg = Debug|x86
		{AEA43BCB-F1E0-41C9-9A10-2BD548DE28C0}.Debug|iPhone.Build.0 = Debug|x86
		{AEA43BCB-F1E0-41C9-9A10-2BD548DE28C0}.Debug|iPhone.Deploy.0 = Debug|x86
		{AEA43BCB-F1E0-41C9-9A10-2BD548DE28C0}.Debug|iPhoneSimulator.ActiveCfg = Debug|x86
		{AEA43BCB-F1E0-41C9-9A10-2BD548DE28C0}.Debug|iPhoneSimulator.Build.0 = Debug|x86
		{AEA43BCB-F1E0-41C9-9A10-2BD548DE28C0}.Debug|iPhoneSimulator.Deploy.0 = Debug|x86
		{AEA43BCB-F1E0-41C9-9A10-2BD548DE28C0}.Debug|x64.ActiveCfg = Debug|x64
		{AEA43BCB-F1E0-41C9-9A10-2BD548DE28C0}.Debug|x64.Build.0 = Debug|x64
		{AEA43BCB-F1E0-41C9-9A10-2BD548DE28C0}.Debug|x64.Deploy.0 = Debug|x64
		{AEA43BCB-F1E0-41C9-9A10-2BD548DE28C0}.Debug|x86.ActiveCfg = Debug|x86
		{AEA43BCB-F1E0-41C9-9A10-2BD548DE28C0}.Debug|x86.Build.0 = Debug|x86
		{AEA43BCB-F1E0-41C9-9A10-2BD548DE28C0}.Debug|x86.Deploy.0 = Debug|x86
		{AEA43BCB-F1E0-41C9-9A10-2BD548DE28C0}.Release|Any CPU.ActiveCfg = Release|x86
		{AEA43BCB-F1E0-41C9-9A10-2BD548DE28C0}.Release|Any CPU.Build.0 = Release|x86
		{AEA43BCB-F1E0-41C9-9A10-2BD548DE28C0}.Release|Any CPU.Deploy.0 = Release|x86
		{AEA43BCB-F1E0-41C9-9A10-2BD548DE28C0}.Release|ARM.ActiveCfg = Release|ARM
		{AEA43BCB-F1E0-41C9-9A10-2BD548DE28C0}.Release|ARM.Build.0 = Release|ARM
		{AEA43BCB-F1E0-41C9-9A10-2BD548DE28C0}.Release|ARM.Deploy.0 = Release|ARM
		{AEA43BCB-F1E0-41C9-9A10-2BD548DE28C0}.Release|iPhone.ActiveCfg = Release|x86
		{AEA43BCB-F1E0-41C9-9A10-2BD548DE28C0}.Release|iPhone.Build.0 = Release|x86
		{AEA43BCB-F1E0-41C9-9A10-2BD548DE28C0}.Release|iPhone.Deploy.0 = Release|x86
		{AEA43BCB-F1E0-41C9-9A10-2BD548DE28C0}.Release|iPhoneSimulator.ActiveCfg = Release|x86
		{AEA43BCB-F1E0-41C9-9A10-2BD548DE28C0}.Release|iPhoneSimulator.Build.0 = Release|x86
		{AEA43BCB-F1E0-41C9-9A10-2BD548DE28C0}.Release|iPhoneSimulator.Deploy.0 = Release|x86
		{AEA43BCB-F1E0-41C9-9A10-2BD548DE28C0}.Release|x64.ActiveCfg = Release|x64
		{AEA43BCB-F1E0-41C9-9A10-2BD548DE28C0}.Release|x64.Build.0 = Release|x64
		{AEA43BCB-F1E0-41C9-9A10-2BD548DE28C0}.Release|x64.Deploy.0 = Release|x64
		{AEA43BCB-F1E0-41C9-9A10-2BD548DE28C0}.Release|x86.ActiveCfg = Release|x86
		{AEA43BCB-F1E0-41C9-9A10-2BD548DE28C0}.Release|x86.Build.0 = Release|x86
		{AEA43BCB-F1E0-41C9-9A10-2BD548DE28C0}.Release|x86.Deploy.0 = Release|x86
		{7C6EA3B9-F4EB-442C-B022-71A2D069664B}.Debug|Any CPU.ActiveCfg = Debug|Any CPU
		{7C6EA3B9-F4EB-442C-B022-71A2D069664B}.Debug|Any CPU.Build.0 = Debug|Any CPU
		{7C6EA3B9-F4EB-442C-B022-71A2D069664B}.Debug|Any CPU.Deploy.0 = Debug|Any CPU
		{7C6EA3B9-F4EB-442C-B022-71A2D069664B}.Debug|ARM.ActiveCfg = Debug|Any CPU
		{7C6EA3B9-F4EB-442C-B022-71A2D069664B}.Debug|ARM.Build.0 = Debug|Any CPU
		{7C6EA3B9-F4EB-442C-B022-71A2D069664B}.Debug|ARM.Deploy.0 = Debug|Any CPU
		{7C6EA3B9-F4EB-442C-B022-71A2D069664B}.Debug|iPhone.ActiveCfg = Debug|Any CPU
		{7C6EA3B9-F4EB-442C-B022-71A2D069664B}.Debug|iPhone.Build.0 = Debug|Any CPU
		{7C6EA3B9-F4EB-442C-B022-71A2D069664B}.Debug|iPhone.Deploy.0 = Debug|Any CPU
		{7C6EA3B9-F4EB-442C-B022-71A2D069664B}.Debug|iPhoneSimulator.ActiveCfg = Debug|Any CPU
		{7C6EA3B9-F4EB-442C-B022-71A2D069664B}.Debug|iPhoneSimulator.Build.0 = Debug|Any CPU
		{7C6EA3B9-F4EB-442C-B022-71A2D069664B}.Debug|iPhoneSimulator.Deploy.0 = Debug|Any CPU
		{7C6EA3B9-F4EB-442C-B022-71A2D069664B}.Debug|x64.ActiveCfg = Debug|Any CPU
		{7C6EA3B9-F4EB-442C-B022-71A2D069664B}.Debug|x64.Build.0 = Debug|Any CPU
		{7C6EA3B9-F4EB-442C-B022-71A2D069664B}.Debug|x64.Deploy.0 = Debug|Any CPU
		{7C6EA3B9-F4EB-442C-B022-71A2D069664B}.Debug|x86.ActiveCfg = Debug|Any CPU
		{7C6EA3B9-F4EB-442C-B022-71A2D069664B}.Debug|x86.Build.0 = Debug|Any CPU
		{7C6EA3B9-F4EB-442C-B022-71A2D069664B}.Debug|x86.Deploy.0 = Debug|Any CPU
		{7C6EA3B9-F4EB-442C-B022-71A2D069664B}.Release|Any CPU.ActiveCfg = Release|Any CPU
		{7C6EA3B9-F4EB-442C-B022-71A2D069664B}.Release|Any CPU.Build.0 = Release|Any CPU
		{7C6EA3B9-F4EB-442C-B022-71A2D069664B}.Release|Any CPU.Deploy.0 = Release|Any CPU
		{7C6EA3B9-F4EB-442C-B022-71A2D069664B}.Release|ARM.ActiveCfg = Release|Any CPU
		{7C6EA3B9-F4EB-442C-B022-71A2D069664B}.Release|ARM.Build.0 = Release|Any CPU
		{7C6EA3B9-F4EB-442C-B022-71A2D069664B}.Release|ARM.Deploy.0 = Release|Any CPU
		{7C6EA3B9-F4EB-442C-B022-71A2D069664B}.Release|iPhone.ActiveCfg = Release|Any CPU
		{7C6EA3B9-F4EB-442C-B022-71A2D069664B}.Release|iPhone.Build.0 = Release|Any CPU
		{7C6EA3B9-F4EB-442C-B022-71A2D069664B}.Release|iPhone.Deploy.0 = Release|Any CPU
		{7C6EA3B9-F4EB-442C-B022-71A2D069664B}.Release|iPhoneSimulator.ActiveCfg = Release|Any CPU
		{7C6EA3B9-F4EB-442C-B022-71A2D069664B}.Release|iPhoneSimulator.Build.0 = Release|Any CPU
		{7C6EA3B9-F4EB-442C-B022-71A2D069664B}.Release|iPhoneSimulator.Deploy.0 = Release|Any CPU
		{7C6EA3B9-F4EB-442C-B022-71A2D069664B}.Release|x64.ActiveCfg = Release|Any CPU
		{7C6EA3B9-F4EB-442C-B022-71A2D069664B}.Release|x64.Build.0 = Release|Any CPU
		{7C6EA3B9-F4EB-442C-B022-71A2D069664B}.Release|x64.Deploy.0 = Release|Any CPU
		{7C6EA3B9-F4EB-442C-B022-71A2D069664B}.Release|x86.ActiveCfg = Release|Any CPU
		{7C6EA3B9-F4EB-442C-B022-71A2D069664B}.Release|x86.Build.0 = Release|Any CPU
		{7C6EA3B9-F4EB-442C-B022-71A2D069664B}.Release|x86.Deploy.0 = Release|Any CPU
		{CD691916-3692-4FA9-9F49-5D3010056EE6}.Debug|Any CPU.ActiveCfg = Debug|iPhoneSimulator
		{CD691916-3692-4FA9-9F49-5D3010056EE6}.Debug|Any CPU.Build.0 = Debug|iPhoneSimulator
		{CD691916-3692-4FA9-9F49-5D3010056EE6}.Debug|Any CPU.Deploy.0 = Debug|iPhoneSimulator
		{CD691916-3692-4FA9-9F49-5D3010056EE6}.Debug|ARM.ActiveCfg = Debug|iPhone
		{CD691916-3692-4FA9-9F49-5D3010056EE6}.Debug|ARM.Build.0 = Debug|iPhone
		{CD691916-3692-4FA9-9F49-5D3010056EE6}.Debug|ARM.Deploy.0 = Debug|iPhone
		{CD691916-3692-4FA9-9F49-5D3010056EE6}.Debug|iPhone.ActiveCfg = Debug|iPhone
		{CD691916-3692-4FA9-9F49-5D3010056EE6}.Debug|iPhone.Build.0 = Debug|iPhone
		{CD691916-3692-4FA9-9F49-5D3010056EE6}.Debug|iPhone.Deploy.0 = Debug|iPhone
		{CD691916-3692-4FA9-9F49-5D3010056EE6}.Debug|iPhoneSimulator.ActiveCfg = Debug|iPhoneSimulator
		{CD691916-3692-4FA9-9F49-5D3010056EE6}.Debug|iPhoneSimulator.Build.0 = Debug|iPhoneSimulator
		{CD691916-3692-4FA9-9F49-5D3010056EE6}.Debug|iPhoneSimulator.Deploy.0 = Debug|iPhoneSimulator
		{CD691916-3692-4FA9-9F49-5D3010056EE6}.Debug|x64.ActiveCfg = Debug|iPhoneSimulator
		{CD691916-3692-4FA9-9F49-5D3010056EE6}.Debug|x64.Build.0 = Debug|iPhoneSimulator
		{CD691916-3692-4FA9-9F49-5D3010056EE6}.Debug|x64.Deploy.0 = Debug|iPhoneSimulator
		{CD691916-3692-4FA9-9F49-5D3010056EE6}.Debug|x86.ActiveCfg = Debug|iPhoneSimulator
		{CD691916-3692-4FA9-9F49-5D3010056EE6}.Debug|x86.Build.0 = Debug|iPhoneSimulator
		{CD691916-3692-4FA9-9F49-5D3010056EE6}.Debug|x86.Deploy.0 = Debug|iPhoneSimulator
		{CD691916-3692-4FA9-9F49-5D3010056EE6}.Release|Any CPU.ActiveCfg = Release|iPhoneSimulator
		{CD691916-3692-4FA9-9F49-5D3010056EE6}.Release|Any CPU.Build.0 = Release|iPhoneSimulator
		{CD691916-3692-4FA9-9F49-5D3010056EE6}.Release|Any CPU.Deploy.0 = Release|iPhoneSimulator
		{CD691916-3692-4FA9-9F49-5D3010056EE6}.Release|ARM.ActiveCfg = Release|iPhoneSimulator
		{CD691916-3692-4FA9-9F49-5D3010056EE6}.Release|ARM.Build.0 = Release|iPhoneSimulator
		{CD691916-3692-4FA9-9F49-5D3010056EE6}.Release|ARM.Deploy.0 = Release|iPhoneSimulator
		{CD691916-3692-4FA9-9F49-5D3010056EE6}.Release|iPhone.ActiveCfg = Release|iPhone
		{CD691916-3692-4FA9-9F49-5D3010056EE6}.Release|iPhone.Build.0 = Release|iPhone
		{CD691916-3692-4FA9-9F49-5D3010056EE6}.Release|iPhone.Deploy.0 = Release|iPhone
		{CD691916-3692-4FA9-9F49-5D3010056EE6}.Release|iPhoneSimulator.ActiveCfg = Release|iPhoneSimulator
		{CD691916-3692-4FA9-9F49-5D3010056EE6}.Release|iPhoneSimulator.Build.0 = Release|iPhoneSimulator
		{CD691916-3692-4FA9-9F49-5D3010056EE6}.Release|iPhoneSimulator.Deploy.0 = Release|iPhoneSimulator
		{CD691916-3692-4FA9-9F49-5D3010056EE6}.Release|x64.ActiveCfg = Release|iPhoneSimulator
		{CD691916-3692-4FA9-9F49-5D3010056EE6}.Release|x64.Build.0 = Release|iPhoneSimulator
		{CD691916-3692-4FA9-9F49-5D3010056EE6}.Release|x64.Deploy.0 = Release|iPhoneSimulator
		{CD691916-3692-4FA9-9F49-5D3010056EE6}.Release|x86.ActiveCfg = Release|iPhoneSimulator
		{CD691916-3692-4FA9-9F49-5D3010056EE6}.Release|x86.Build.0 = Release|iPhoneSimulator
		{CD691916-3692-4FA9-9F49-5D3010056EE6}.Release|x86.Deploy.0 = Release|iPhoneSimulator
		{EC5469D8-DACF-4188-822A-71EEA2FAC7A1}.Debug|Any CPU.ActiveCfg = Debug|Any CPU
		{EC5469D8-DACF-4188-822A-71EEA2FAC7A1}.Debug|Any CPU.Build.0 = Debug|Any CPU
		{EC5469D8-DACF-4188-822A-71EEA2FAC7A1}.Debug|Any CPU.Deploy.0 = Debug|Any CPU
		{EC5469D8-DACF-4188-822A-71EEA2FAC7A1}.Debug|ARM.ActiveCfg = Debug|Any CPU
		{EC5469D8-DACF-4188-822A-71EEA2FAC7A1}.Debug|ARM.Build.0 = Debug|Any CPU
		{EC5469D8-DACF-4188-822A-71EEA2FAC7A1}.Debug|ARM.Deploy.0 = Debug|Any CPU
		{EC5469D8-DACF-4188-822A-71EEA2FAC7A1}.Debug|iPhone.ActiveCfg = Debug|Any CPU
		{EC5469D8-DACF-4188-822A-71EEA2FAC7A1}.Debug|iPhone.Build.0 = Debug|Any CPU
		{EC5469D8-DACF-4188-822A-71EEA2FAC7A1}.Debug|iPhone.Deploy.0 = Debug|Any CPU
		{EC5469D8-DACF-4188-822A-71EEA2FAC7A1}.Debug|iPhoneSimulator.ActiveCfg = Debug|Any CPU
		{EC5469D8-DACF-4188-822A-71EEA2FAC7A1}.Debug|iPhoneSimulator.Build.0 = Debug|Any CPU
		{EC5469D8-DACF-4188-822A-71EEA2FAC7A1}.Debug|iPhoneSimulator.Deploy.0 = Debug|Any CPU
		{EC5469D8-DACF-4188-822A-71EEA2FAC7A1}.Debug|x64.ActiveCfg = Debug|Any CPU
		{EC5469D8-DACF-4188-822A-71EEA2FAC7A1}.Debug|x64.Build.0 = Debug|Any CPU
		{EC5469D8-DACF-4188-822A-71EEA2FAC7A1}.Debug|x64.Deploy.0 = Debug|Any CPU
		{EC5469D8-DACF-4188-822A-71EEA2FAC7A1}.Debug|x86.ActiveCfg = Debug|Any CPU
		{EC5469D8-DACF-4188-822A-71EEA2FAC7A1}.Debug|x86.Build.0 = Debug|Any CPU
		{EC5469D8-DACF-4188-822A-71EEA2FAC7A1}.Debug|x86.Deploy.0 = Debug|Any CPU
		{EC5469D8-DACF-4188-822A-71EEA2FAC7A1}.Release|Any CPU.ActiveCfg = Release|Any CPU
		{EC5469D8-DACF-4188-822A-71EEA2FAC7A1}.Release|Any CPU.Build.0 = Release|Any CPU
		{EC5469D8-DACF-4188-822A-71EEA2FAC7A1}.Release|Any CPU.Deploy.0 = Release|Any CPU
		{EC5469D8-DACF-4188-822A-71EEA2FAC7A1}.Release|ARM.ActiveCfg = Release|Any CPU
		{EC5469D8-DACF-4188-822A-71EEA2FAC7A1}.Release|ARM.Build.0 = Release|Any CPU
		{EC5469D8-DACF-4188-822A-71EEA2FAC7A1}.Release|ARM.Deploy.0 = Release|Any CPU
		{EC5469D8-DACF-4188-822A-71EEA2FAC7A1}.Release|iPhone.ActiveCfg = Release|Any CPU
		{EC5469D8-DACF-4188-822A-71EEA2FAC7A1}.Release|iPhone.Build.0 = Release|Any CPU
		{EC5469D8-DACF-4188-822A-71EEA2FAC7A1}.Release|iPhone.Deploy.0 = Release|Any CPU
		{EC5469D8-DACF-4188-822A-71EEA2FAC7A1}.Release|iPhoneSimulator.ActiveCfg = Release|Any CPU
		{EC5469D8-DACF-4188-822A-71EEA2FAC7A1}.Release|iPhoneSimulator.Build.0 = Release|Any CPU
		{EC5469D8-DACF-4188-822A-71EEA2FAC7A1}.Release|iPhoneSimulator.Deploy.0 = Release|Any CPU
		{EC5469D8-DACF-4188-822A-71EEA2FAC7A1}.Release|x64.ActiveCfg = Release|Any CPU
		{EC5469D8-DACF-4188-822A-71EEA2FAC7A1}.Release|x64.Build.0 = Release|Any CPU
		{EC5469D8-DACF-4188-822A-71EEA2FAC7A1}.Release|x64.Deploy.0 = Release|Any CPU
		{EC5469D8-DACF-4188-822A-71EEA2FAC7A1}.Release|x86.ActiveCfg = Release|Any CPU
		{EC5469D8-DACF-4188-822A-71EEA2FAC7A1}.Release|x86.Build.0 = Release|Any CPU
		{EC5469D8-DACF-4188-822A-71EEA2FAC7A1}.Release|x86.Deploy.0 = Release|Any CPU
	EndGlobalSection
	GlobalSection(SolutionProperties) = preSolution
		HideSolutionNode = FALSE
	EndGlobalSection
	GlobalSection(ExtensibilityGlobals) = postSolution
		SolutionGuid = {744CEDDE-F914-4CE5-BBC7-7D2ED9FF9B1A}
	EndGlobalSection
EndGlobal
